
Microsoft Visual Studio Solution File, Format Version 12.00
# Visual Studio Version 16
VisualStudioVersion = 16.0.30907.101
MinimumVisualStudioVersion = 10.0.40219.1
Project("{9A19103F-16F7-4668-BE54-9A1E7A4F7556}") = "FizzBuzzLibrary", "FizzBuzzLibrary\FizzBuzzLibrary.csproj", "{E72C9305-E1EA-444F-ABB5-12ADB81D8C59}"
EndProject
Project("{9A19103F-16F7-4668-BE54-9A1E7A4F7556}") = "FizzBuzzConsoleUI", "FizzBuzzConsoleUI\FizzBuzzConsoleUI.csproj", "{4A5A77CF-D612-447A-A829-C09921D1A6DE}"
	ProjectSection(ProjectDependencies) = postProject
		{E72C9305-E1EA-444F-ABB5-12ADB81D8C59} = {E72C9305-E1EA-444F-ABB5-12ADB81D8C59}
	EndProjectSection
EndProject
Project("{FAE04EC0-301F-11D3-BF4B-00C04F79EFBC}") = "FizzBuzzLibrary.Tests", "FizzBuzzLibrary.Tests\FizzBuzzLibrary.Tests.csproj", "{C024CFB9-4986-4D80-938F-4B707F6C7036}"
EndProject
Global
	GlobalSection(SolutionConfigurationPlatforms) = preSolution
		Debug|Any CPU = Debug|Any CPU
		Release|Any CPU = Release|Any CPU
	EndGlobalSection
	GlobalSection(ProjectConfigurationPlatforms) = postSolution
		{E72C9305-E1EA-444F-ABB5-12ADB81D8C59}.Debug|Any CPU.ActiveCfg = Debug|Any CPU
		{E72C9305-E1EA-444F-ABB5-12ADB81D8C59}.Debug|Any CPU.Build.0 = Debug|Any CPU
		{E72C9305-E1EA-444F-ABB5-12ADB81D8C59}.Release|Any CPU.ActiveCfg = Release|Any CPU
		{E72C9305-E1EA-444F-ABB5-12ADB81D8C59}.Release|Any CPU.Build.0 = Release|Any CPU
		{4A5A77CF-D612-447A-A829-C09921D1A6DE}.Debug|Any CPU.ActiveCfg = Debug|Any CPU
		{4A5A77CF-D612-447A-A829-C09921D1A6DE}.Debug|Any CPU.Build.0 = Debug|Any CPU
		{4A5A77CF-D612-447A-A829-C09921D1A6DE}.Release|Any CPU.ActiveCfg = Release|Any CPU
		{4A5A77CF-D612-447A-A829-C09921D1A6DE}.Release|Any CPU.Build.0 = Release|Any CPU
		{C024CFB9-4986-4D80-938F-4B707F6C7036}.Debug|Any CPU.ActiveCfg = Debug|Any CPU
		{C024CFB9-4986-4D80-938F-4B707F6C7036}.Debug|Any CPU.Build.0 = Debug|Any CPU
		{C024CFB9-4986-4D80-938F-4B707F6C7036}.Release|Any CPU.ActiveCfg = Release|Any CPU
		{C024CFB9-4986-4D80-938F-4B707F6C7036}.Release|Any CPU.Build.0 = Release|Any CPU
	EndGlobalSection
	GlobalSection(SolutionProperties) = preSolution
		HideSolutionNode = FALSE
	EndGlobalSection
	GlobalSection(ExtensibilityGlobals) = postSolution
		SolutionGuid = {055310CC-8001-4B65-9A2E-817ACFF3F9A1}
	EndGlobalSection
EndGlobal
